
Microsoft Visual Studio Solution File, Format Version 12.00
# Visual Studio Version 17
VisualStudioVersion = 17.14.36202.13 d17.14
MinimumVisualStudioVersion = 10.0.40219.1
Project("{FAE04EC0-301F-11D3-BF4B-00C04F79EFBC}") = "ScheduleManager", "ScheduleManager\ScheduleManager.csproj", "{79A953B8-FF01-4BBE-AC84-95566485CD69}"
EndProject
Global
	GlobalSection(SolutionConfigurationPlatforms) = preSolution
		Debug|Any CPU = Debug|Any CPU
		Release|Any CPU = Release|Any CPU
	EndGlobalSection
	GlobalSection(ProjectConfigurationPlatforms) = postSolution
		{79A953B8-FF01-4BBE-AC84-95566485CD69}.Debug|Any CPU.ActiveCfg = Debug|Any CPU
		{79A953B8-FF01-4BBE-AC84-95566485CD69}.Debug|Any CPU.Build.0 = Debug|Any CPU
		{79A953B8-FF01-4BBE-AC84-95566485CD69}.Release|Any CPU.ActiveCfg = Release|Any CPU
		{79A953B8-FF01-4BBE-AC84-95566485CD69}.Release|Any CPU.Build.0 = Release|Any CPU
	EndGlobalSection
	GlobalSection(SolutionProperties) = preSolution
		HideSolutionNode = FALSE
	EndGlobalSection
	GlobalSection(ExtensibilityGlobals) = postSolution
		SolutionGuid = {1123C765-7EC9-47E2-A917-FDFE54488071}
	EndGlobalSection
EndGlobal
